# Generated by buf. DO NOT EDIT.
version: v1
deps:
  - remote: buf.build
    owner: googleapis
    repository: googleapis
    commit: a51f4a87c68c47f9901f3892e1ac4a0b
    digest: shake256:7149cf5e9955c692d381e557830555d4e93f205a0f1b8e2dfdae46d029369aa3fc1980e35df0d310f7cc3b622f93e19ad276769a283a967dd3065ddfd3a40e13
  - remote: buf.build
    owner: rphaven
    repository: common
    commit: d8ebeb28884b45ba833a6bd59fbb2ffc
    digest: shake256:598d140a2606093158158d1396953bfcf1cafd925b3929f6c0b648a927aeb7add86909954f9fd44971b01748cba17fd715884d108bde538dc6de5d148b4e0065
